
Microsoft Visual Studio Solution File, Format Version 12.00
# Visual Studio Version 17
VisualStudioVersion = 17.14.36414.22 d17.14
MinimumVisualStudioVersion = 10.0.40219.1
Project("{FAE04EC0-301F-11D3-BF4B-00C04F79EFBC}") = "Witcher arena PM", "Witcher arena PM\Witcher arena PM.csproj", "{2C67AB77-FBCB-41A7-8711-4D00483FE1FF}"
EndProject
Global
	GlobalSection(SolutionConfigurationPlatforms) = preSolution
		Debug|Any CPU = Debug|Any CPU
		Release|Any CPU = Release|Any CPU
	EndGlobalSection
	GlobalSection(ProjectConfigurationPlatforms) = postSolution
		{2C67AB77-FBCB-41A7-8711-4D00483FE1FF}.Debug|Any CPU.ActiveCfg = Debug|Any CPU
		{2C67AB77-FBCB-41A7-8711-4D00483FE1FF}.Debug|Any CPU.Build.0 = Debug|Any CPU
		{2C67AB77-FBCB-41A7-8711-4D00483FE1FF}.Release|Any CPU.ActiveCfg = Release|Any CPU
		{2C67AB77-FBCB-41A7-8711-4D00483FE1FF}.Release|Any CPU.Build.0 = Release|Any CPU
	EndGlobalSection
	GlobalSection(SolutionProperties) = preSolution
		HideSolutionNode = FALSE
	EndGlobalSection
	GlobalSection(ExtensibilityGlobals) = postSolution
		SolutionGuid = {7D7B91E3-7A7E-47E0-8473-F9379F1709D2}
	EndGlobalSection
EndGlobal
